
Microsoft Visual Studio Solution File, Format Version 12.00
# Visual Studio Version 16
VisualStudioVersion = 16.0.31729.503
MinimumVisualStudioVersion = 10.0.40219.1
Project("{FAE04EC0-301F-11D3-BF4B-00C04F79EFBC}") = "Semana06", "Semana06\Semana06.csproj", "{7D0AF913-D8DB-49D0-849D-73DDF3F50450}"
EndProject
Project("{FAE04EC0-301F-11D3-BF4B-00C04F79EFBC}") = "Data", "Data\Data.csproj", "{C1EE6301-5B10-4715-8896-C0C4FEB447C8}"
EndProject
Project("{FAE04EC0-301F-11D3-BF4B-00C04F79EFBC}") = "Business", "Business\Business.csproj", "{232F4E1B-F2E0-41A0-BE03-89EA3793F87B}"
EndProject
Project("{FAE04EC0-301F-11D3-BF4B-00C04F79EFBC}") = "Entity", "Entity\Entity.csproj", "{06CE0FA8-2A20-4486-A2AA-31CB9F3C274A}"
EndProject
Global
	GlobalSection(SolutionConfigurationPlatforms) = preSolution
		Debug|Any CPU = Debug|Any CPU
		Release|Any CPU = Release|Any CPU
	EndGlobalSection
	GlobalSection(ProjectConfigurationPlatforms) = postSolution
		{7D0AF913-D8DB-49D0-849D-73DDF3F50450}.Debug|Any CPU.ActiveCfg = Debug|Any CPU
		{7D0AF913-D8DB-49D0-849D-73DDF3F50450}.Debug|Any CPU.Build.0 = Debug|Any CPU
		{7D0AF913-D8DB-49D0-849D-73DDF3F50450}.Release|Any CPU.ActiveCfg = Release|Any CPU
		{7D0AF913-D8DB-49D0-849D-73DDF3F50450}.Release|Any CPU.Build.0 = Release|Any CPU
		{C1EE6301-5B10-4715-8896-C0C4FEB447C8}.Debug|Any CPU.ActiveCfg = Debug|Any CPU
		{C1EE6301-5B10-4715-8896-C0C4FEB447C8}.Debug|Any CPU.Build.0 = Debug|Any CPU
		{C1EE6301-5B10-4715-8896-C0C4FEB447C8}.Release|Any CPU.ActiveCfg = Release|Any CPU
		{C1EE6301-5B10-4715-8896-C0C4FEB447C8}.Release|Any CPU.Build.0 = Release|Any CPU
		{232F4E1B-F2E0-41A0-BE03-89EA3793F87B}.Debug|Any CPU.ActiveCfg = Debug|Any CPU
		{232F4E1B-F2E0-41A0-BE03-89EA3793F87B}.Debug|Any CPU.Build.0 = Debug|Any CPU
		{232F4E1B-F2E0-41A0-BE03-89EA3793F87B}.Release|Any CPU.ActiveCfg = Release|Any CPU
		{232F4E1B-F2E0-41A0-BE03-89EA3793F87B}.Release|Any CPU.Build.0 = Release|Any CPU
		{06CE0FA8-2A20-4486-A2AA-31CB9F3C274A}.Debug|Any CPU.ActiveCfg = Debug|Any CPU
		{06CE0FA8-2A20-4486-A2AA-31CB9F3C274A}.Debug|Any CPU.Build.0 = Debug|Any CPU
		{06CE0FA8-2A20-4486-A2AA-31CB9F3C274A}.Release|Any CPU.ActiveCfg = Release|Any CPU
		{06CE0FA8-2A20-4486-A2AA-31CB9F3C274A}.Release|Any CPU.Build.0 = Release|Any CPU
	EndGlobalSection
	GlobalSection(SolutionProperties) = preSolution
		HideSolutionNode = FALSE
	EndGlobalSection
	GlobalSection(ExtensibilityGlobals) = postSolution
		SolutionGuid = {B99EE912-7F68-46B5-83A1-052F72D8222F}
	EndGlobalSection
EndGlobal
